# THIS IS AN AUTOGENERATED FILE. DO NOT EDIT THIS FILE DIRECTLY.
# yarn lockfile v1


dayjs@^1.8.16:
  version "1.8.16"
  resolved "https://registry.yarnpkg.com/dayjs/-/dayjs-1.8.16.tgz#2a3771de537255191b947957af2fd90012e71e64"
  integrity sha512-XPmqzWz/EJiaRHjBqSJ2s6hE/BUoCIHKgdS2QPtTQtKcS9E4/Qn0WomoH1lXanWCzri+g7zPcuNV4aTZ8PMORQ==

ical-generator@^1.7.2:
  version "1.7.2"
  resolved "https://registry.yarnpkg.com/ical-generator/-/ical-generator-1.7.2.tgz#0719fe39f9c15e3058ddb10a63a270cd53d9401b"
  integrity sha512-sJyIuCRh/1PSyJtuF0pcE2BHavI6yOzp29RgUMARgjfZ6sLdLpfBaKffydAzu4E4ZYNk6oBanvrt+0WxpEyqcA==
  dependencies:
    moment-timezone "^0.5.26"

moment-timezone@^0.5.26:
  version "0.5.26"
  resolved "https://registry.yarnpkg.com/moment-timezone/-/moment-timezone-0.5.26.tgz#c0267ca09ae84631aa3dc33f65bedbe6e8e0d772"
  integrity sha512-sFP4cgEKTCymBBKgoxZjYzlSovC20Y6J7y3nanDc5RoBIXKlZhoYwBoZGe3flwU6A372AcRwScH8KiwV6zjy1g==
  dependencies:
    moment ">= 2.9.0"

"moment@>= 2.9.0":
  version "2.24.0"
  resolved "https://registry.yarnpkg.com/moment/-/moment-2.24.0.tgz#0d055d53f5052aa653c9f6eb68bb5d12bf5c2b5b"
  integrity sha512-bV7f+6l2QigeBBZSM/6yTNq4P2fNpSWj/0e7jQcy87A8e7o2nAfP/34/2ky5Vw4B9S446EtIhodAzkFCcR4dQg==
